// !$*UTF8*$!
{
	archiveVersion = 1;
	classes = {
	};
	objectVersion = 55;
	objects = {

/* Begin PBXBuildFile section */
		F39B9CD727CDFA4200319ABE /* ContentView.swift in Sources */ = {isa = PBXBuildFile; fileRef = F39B9CD627CDFA4200319ABE /* ContentView.swift */; };
		F39B9CD927CDFA4300319ABE /* Assets.xcassets in Resources */ = {isa = PBXBuildFile; fileRef = F39B9CD827CDFA4300319ABE /* Assets.xcassets */; };
		F39B9CDC27CDFA4300319ABE /* Preview Assets.xcassets in Resources */ = {isa = PBXBuildFile; fileRef = F39B9CDB27CDFA4300319ABE /* Preview Assets.xcassets */; };
		F39B9CE627CDFA4300319ABE /* AltafSwiftUiDemoTests.swift in Sources */ = {isa = PBXBuildFile; fileRef = F39B9CE527CDFA4300319ABE /* AltafSwiftUiDemoTests.swift */; };
		F39B9CF027CDFA4300319ABE /* AltafSwiftUiDemoUITests.swift in Sources */ = {isa = PBXBuildFile; fileRef = F39B9CEF27CDFA4300319ABE /* AltafSwiftUiDemoUITests.swift */; };
		F39B9CF227CDFA4300319ABE /* AltafSwiftUiDemoUITestsLaunchTests.swift in Sources */ = {isa = PBXBuildFile; fileRef = F39B9CF127CDFA4300319ABE /* AltafSwiftUiDemoUITestsLaunchTests.swift */; };
		F39B9D0227CDFB9500319ABE /* AppDelegate.swift in Sources */ = {isa = PBXBuildFile; fileRef = F39B9D0027CDFB9500319ABE /* AppDelegate.swift */; };
		F39B9D0327CDFB9500319ABE /* SceneDelegate.swift in Sources */ = {isa = PBXBuildFile; fileRef = F39B9D0127CDFB9500319ABE /* SceneDelegate.swift */; };
/* End PBXBuildFile section */

/* Begin PBXContainerItemProxy section */
		F39B9CE227CDFA4300319ABE /* PBXContainerItemProxy */ = {
			isa = PBXContainerItemProxy;
			containerPortal = F39B9CC927CDFA4200319ABE /* Project object */;
			proxyType = 1;
			remoteGlobalIDString = F39B9CD027CDFA4200319ABE;
			remoteInfo = AltafSwiftUiDemo;
		};
		F39B9CEC27CDFA4300319ABE /* PBXContainerItemProxy */ = {
			isa = PBXContainerItemProxy;
			containerPortal = F39B9CC927CDFA4200319ABE /* Project object */;
			proxyType = 1;
			remoteGlobalIDString = F39B9CD027CDFA4200319ABE;
			remoteInfo = AltafSwiftUiDemo;
		};
/* End PBXContainerItemProxy section */

/* Begin PBXFileReference section */
		F39B9CD127CDFA4200319ABE /* AltafSwiftUiDemo.app */ = {isa = PBXFileReference; explicitFileType = wrapper.application; includeInIndex = 0; path = AltafSwiftUiDemo.app; sourceTree = BUILT_PRODUCTS_DIR; };
		F39B9CD627CDFA4200319ABE /* ContentView.swift */ = {isa = PBXFileReference; lastKnownFileType = sourcecode.swift; path = ContentView.swift; sourceTree = "<group>"; };
		F39B9CD827CDFA4300319ABE /* Assets.xcassets */ = {isa = PBXFileReference; lastKnownFileType = folder.assetcatalog; path = Assets.xcassets; sourceTree = "<group>"; };
		F39B9CDB27CDFA4300319ABE /* Preview Assets.xcassets */ = {isa = PBXFileReference; lastKnownFileType = folder.assetcatalog; path = "Preview Assets.xcassets"; sourceTree = "<group>"; };
		F39B9CE127CDFA4300319ABE /* AltafSwiftUiDemoTests.xctest */ = {isa = PBXFileReference; explicitFileType = wrapper.cfbundle; includeInIndex = 0; path = AltafSwiftUiDemoTests.xctest; sourceTree = BUILT_PRODUCTS_DIR; };
		F39B9CE527CDFA4300319ABE /* AltafSwiftUiDemoTests.swift */ = {isa = PBXFileReference; lastKnownFileType = sourcecode.swift; path = AltafSwiftUiDemoTests.swift; sourceTree = "<group>"; };
		F39B9CEB27CDFA4300319ABE /* AltafSwiftUiDemoUITests.xctest */ = {isa = PBXFileReference; explicitFileType = wrapper.cfbundle; includeInIndex = 0; path = AltafSwiftUiDemoUITests.xctest; sourceTree = BUILT_PRODUCTS_DIR; };
		F39B9CEF27CDFA4300319ABE /* AltafSwiftUiDemoUITests.swift */ = {isa = PBXFileReference; lastKnownFileType = sourcecode.swift; path = AltafSwiftUiDemoUITests.swift; sourceTree = "<group>"; };
		F39B9CF127CDFA4300319ABE /* AltafSwiftUiDemoUITestsLaunchTests.swift */ = {isa = PBXFileReference; lastKnownFileType = sourcecode.swift; path = AltafSwiftUiDemoUITestsLaunchTests.swift; sourceTree = "<group>"; };
		F39B9D0027CDFB9500319ABE /* AppDelegate.swift */ = {isa = PBXFileReference; fileEncoding = 4; lastKnownFileType = sourcecode.swift; path = AppDelegate.swift; sourceTree = "<group>"; };
		F39B9D0127CDFB9500319ABE /* SceneDelegate.swift */ = {isa = PBXFileReference; fileEncoding = 4; lastKnownFileType = sourcecode.swift; path = SceneDelegate.swift; sourceTree = "<group>"; };
/* End PBXFileReference section */

/* Begin PBXFrameworksBuildPhase section */
		F39B9CCE27CDFA4200319ABE /* Frameworks */ = {
			isa = PBXFrameworksBuildPhase;
			buildActionMask = 2147483647;
			files = (
			);
			runOnlyForDeploymentPostprocessing = 0;
		};
		F39B9CDE27CDFA4300319ABE /* Frameworks */ = {
			isa = PBXFrameworksBuildPhase;
			buildActionMask = 2147483647;
			files = (
			);
			runOnlyForDeploymentPostprocessing = 0;
		};
		F39B9CE827CDFA4300319ABE /* Frameworks */ = {
			isa = PBXFrameworksBuildPhase;
			buildActionMask = 2147483647;
			files = (
			);
			runOnlyForDeploymentPostprocessing = 0;
		};
/* End PBXFrameworksBuildPhase section */

/* Begin PBXGroup section */
		F39B9CC827CDFA4200319ABE = {
			isa = PBXGroup;
			children = (
				F39B9CD327CDFA4200319ABE /* AltafSwiftUiDemo */,
				F39B9CE427CDFA4300319ABE /* AltafSwiftUiDemoTests */,
				F39B9CEE27CDFA4300319ABE /* AltafSwiftUiDemoUITests */,
				F39B9CD227CDFA4200319ABE /* Products */,
			);
			sourceTree = "<group>";
		};
		F39B9CD227CDFA4200319ABE /* Products */ = {
			isa = PBXGroup;
			children = (
				F39B9CD127CDFA4200319ABE /* AltafSwiftUiDemo.app */,
				F39B9CE127CDFA4300319ABE /* AltafSwiftUiDemoTests.xctest */,
				F39B9CEB27CDFA4300319ABE /* AltafSwiftUiDemoUITests.xctest */,
			);
			name = Products;
			sourceTree = "<group>";
		};
		F39B9CD327CDFA4200319ABE /* AltafSwiftUiDemo */ = {
			isa = PBXGroup;
			children = (
				F39B9D0027CDFB9500319ABE /* AppDelegate.swift */,
				F39B9D0127CDFB9500319ABE /* SceneDelegate.swift */,
				F39B9CD627CDFA4200319ABE /* ContentView.swift */,
				F39B9CD827CDFA4300319ABE /* Assets.xcassets */,
				F39B9CDA27CDFA4300319ABE /* Preview Content */,
			);
			path = AltafSwiftUiDemo;
			sourceTree = "<group>";
		};
		F39B9CDA27CDFA4300319ABE /* Preview Content */ = {
			isa = PBXGroup;
			children = (
				F39B9CDB27CDFA4300319ABE /* Preview Assets.xcassets */,
			);
			path = "Preview Content";
			sourceTree = "<group>";
		};
		F39B9CE427CDFA4300319ABE /* AltafSwiftUiDemoTests */ = {
			isa = PBXGroup;
			children = (
				F39B9CE527CDFA4300319ABE /* AltafSwiftUiDemoTests.swift */,
			);
			path = AltafSwiftUiDemoTests;
			sourceTree = "<group>";
		};
		F39B9CEE27CDFA4300319ABE /* AltafSwiftUiDemoUITests */ = {
			isa = PBXGroup;
			children = (
				F39B9CEF27CDFA4300319ABE /* AltafSwiftUiDemoUITests.swift */,
				F39B9CF127CDFA4300319ABE /* AltafSwiftUiDemoUITestsLaunchTests.swift */,
			);
			path = AltafSwiftUiDemoUITests;
			sourceTree = "<group>";
		};
/* End PBXGroup section */

/* Begin PBXNativeTarget section */
		F39B9CD027CDFA4200319ABE /* AltafSwiftUiDemo */ = {
			isa = PBXNativeTarget;
			buildConfigurationList = F39B9CF527CDFA4300319ABE /* Build configuration list for PBXNativeTarget "AltafSwiftUiDemo" */;
			buildPhases = (
				F39B9CCD27CDFA4200319ABE /* Sources */,
				F39B9CCE27CDFA4200319ABE /* Frameworks */,
				F39B9CCF27CDFA4200319ABE /* Resources */,
			);
			buildRules = (
			);
			dependencies = (
			);
			name = AltafSwiftUiDemo;
			productName = AltafSwiftUiDemo;
			productReference = F39B9CD127CDFA4200319ABE /* AltafSwiftUiDemo.app */;
			productType = "com.apple.product-type.application";
		};
		F39B9CE027CDFA4300319ABE /* AltafSwiftUiDemoTests */ = {
			isa = PBXNativeTarget;
			buildConfigurationList = F39B9CF827CDFA4300319ABE /* Build configuration list for PBXNativeTarget "AltafSwiftUiDemoTests" */;
			buildPhases = (
				F39B9CDD27CDFA4300319ABE /* Sources */,
				F39B9CDE27CDFA4300319ABE /* Frameworks */,
				F39B9CDF27CDFA4300319ABE /* Resources */,
			);
			buildRules = (
			);
			dependencies = (
				F39B9CE327CDFA4300319ABE /* PBXTargetDependency */,
			);
			name = AltafSwiftUiDemoTests;
			productName = AltafSwiftUiDemoTests;
			productReference = F39B9CE127CDFA4300319ABE /* AltafSwiftUiDemoTests.xctest */;
			productType = "com.apple.product-type.bundle.unit-test";
		};
		F39B9CEA27CDFA4300319ABE /* AltafSwiftUiDemoUITests */ = {
			isa = PBXNativeTarget;
			buildConfigurationList = F39B9CFB27CDFA4300319ABE /* Build configuration list for PBXNativeTarget "AltafSwiftUiDemoUITests" */;
			buildPhases = (
				F39B9CE727CDFA4300319ABE /* Sources */,
				F39B9CE827CDFA4300319ABE /* Frameworks */,
				F39B9CE927CDFA4300319ABE /* Resources */,
			);
			buildRules = (
			);
			dependencies = (
				F39B9CED27CDFA4300319ABE /* PBXTargetDependency */,
			);
			name = AltafSwiftUiDemoUITests;
			productName = AltafSwiftUiDemoUITests;
			productReference = F39B9CEB27CDFA4300319ABE /* AltafSwiftUiDemoUITests.xctest */;
			productType = "com.apple.product-type.bundle.ui-testing";
		};
/* End PBXNativeTarget section */

/* Begin PBXProject section */
		F39B9CC927CDFA4200319ABE /* Project object */ = {
			isa = PBXProject;
			attributes = {
				BuildIndependentTargetsInParallel = 1;
				LastSwiftUpdateCheck = 1320;
				LastUpgradeCheck = 1320;
				TargetAttributes = {
					F39B9CD027CDFA4200319ABE = {
						CreatedOnToolsVersion = 13.2.1;
					};
					F39B9CE027CDFA4300319ABE = {
						CreatedOnToolsVersion = 13.2.1;
						TestTargetID = F39B9CD027CDFA4200319ABE;
					};
					F39B9CEA27CDFA4300319ABE = {
						CreatedOnToolsVersion = 13.2.1;
						TestTargetID = F39B9CD027CDFA4200319ABE;
					};
				};
			};
			buildConfigurationList = F39B9CCC27CDFA4200319ABE /* Build configuration list for PBXProject "AltafSwiftUiDemo" */;
			compatibilityVersion = "Xcode 13.0";
			developmentRegion = en;
			hasScannedForEncodings = 0;
			knownRegions = (
				en,
				Base,
			);
			mainGroup = F39B9CC827CDFA4200319ABE;
			productRefGroup = F39B9CD227CDFA4200319ABE /* Products */;
			projectDirPath = "";
			projectRoot = "";
			targets = (
				F39B9CD027CDFA4200319ABE /* AltafSwiftUiDemo */,
				F39B9CE027CDFA4300319ABE /* AltafSwiftUiDemoTests */,
				F39B9CEA27CDFA4300319ABE /* AltafSwiftUiDemoUITests */,
			);
		};
/* End PBXProject section */

/* Begin PBXResourcesBuildPhase section */
		F39B9CCF27CDFA4200319ABE /* Resources */ = {
			isa = PBXResourcesBuildPhase;
			buildActionMask = 2147483647;
			files = (
				F39B9CDC27CDFA4300319ABE /* Preview Assets.xcassets in Resources */,
				F39B9CD927CDFA4300319ABE /* Assets.xcassets in Resources */,
			);
			runOnlyForDeploymentPostprocessing = 0;
		};
		F39B9CDF27CDFA4300319ABE /* Resources */ = {
			isa = PBXResourcesBuildPhase;
			buildActionMask = 2147483647;
			files = (
			);
			runOnlyForDeploymentPostprocessing = 0;
		};
		F39B9CE927CDFA4300319ABE /* Resources */ = {
			isa = PBXResourcesBuildPhase;
			buildActionMask = 2147483647;
			files = (
			);
			runOnlyForDeploymentPostprocessing = 0;
		};
/* End PBXResourcesBuildPhase section */

/* Begin PBXSourcesBuildPhase section */
		F39B9CCD27CDFA4200319ABE /* Sources */ = {
			isa = PBXSourcesBuildPhase;
			buildActionMask = 2147483647;
			files = (
				F39B9D0227CDFB9500319ABE /* AppDelegate.swift in Sources */,
				F39B9CD727CDFA4200319ABE /* ContentView.swift in Sources */,
				F39B9D0327CDFB9500319ABE /* SceneDelegate.swift in Sources */,
			);
			runOnlyForDeploymentPostprocessing = 0;
		};
		F39B9CDD27CDFA4300319ABE /* Sources */ = {
			isa = PBXSourcesBuildPhase;
			buildActionMask = 2147483647;
			files = (
				F39B9CE627CDFA4300319ABE /* AltafSwiftUiDemoTests.swift in Sources */,
			);
			runOnlyForDeploymentPostprocessing = 0;
		};
		F39B9CE727CDFA4300319ABE /* Sources */ = {
			isa = PBXSourcesBuildPhase;
			buildActionMask = 2147483647;
			files = (
				F39B9CF227CDFA4300319ABE /* AltafSwiftUiDemoUITestsLaunchTests.swift in Sources */,
				F39B9CF027CDFA4300319ABE /* AltafSwiftUiDemoUITests.swift in Sources */,
			);
			runOnlyForDeploymentPostprocessing = 0;
		};
/* End PBXSourcesBuildPhase section */

/* Begin PBXTargetDependency section */
		F39B9CE327CDFA4300319ABE /* PBXTargetDependency */ = {
			isa = PBXTargetDependency;
			target = F39B9CD027CDFA4200319ABE /* AltafSwiftUiDemo */;
			targetProxy = F39B9CE227CDFA4300319ABE /* PBXContainerItemProxy */;
		};
		F39B9CED27CDFA4300319ABE /* PBXTargetDependency */ = {
			isa = PBXTargetDependency;
			target = F39B9CD027CDFA4200319ABE /* AltafSwiftUiDemo */;
			targetProxy = F39B9CEC27CDFA4300319ABE /* PBXContainerItemProxy */;
		};
/* End PBXTargetDependency section */

/* Begin XCBuildConfiguration section */
		F39B9CF327CDFA4300319ABE /* Debug */ = {
			isa = XCBuildConfiguration;
			buildSettings = {
				ALWAYS_SEARCH_USER_PATHS = NO;
				CLANG_ANALYZER_NONNULL = YES;
				CLANG_ANALYZER_NUMBER_OBJECT_CONVERSION = YES_AGGRESSIVE;
				CLANG_CXX_LANGUAGE_STANDARD = "gnu++17";
				CLANG_CXX_LIBRARY = "libc++";
				CLANG_ENABLE_MODULES = YES;
				CLANG_ENABLE_OBJC_ARC = YES;
				CLANG_ENABLE_OBJC_WEAK = YES;
				CLANG_WARN_BLOCK_CAPTURE_AUTORELEASING = YES;
				CLANG_WARN_BOOL_CONVERSION = YES;
				CLANG_WARN_COMMA = YES;
				CLANG_WARN_CONSTANT_CONVERSION = YES;
				CLANG_WARN_DEPRECATED_OBJC_IMPLEMENTATIONS = YES;
				CLANG_WARN_DIRECT_OBJC_ISA_USAGE = YES_ERROR;
				CLANG_WARN_DOCUMENTATION_COMMENTS = YES;
				CLANG_WARN_EMPTY_BODY = YES;
				CLANG_WARN_ENUM_CONVERSION = YES;
				CLANG_WARN_INFINITE_RECURSION = YES;
				CLANG_WARN_INT_CONVERSION = YES;
				CLANG_WARN_NON_LITERAL_NULL_CONVERSION = YES;
				CLANG_WARN_OBJC_IMPLICIT_RETAIN_SELF = YES;
				CLANG_WARN_OBJC_LITERAL_CONVERSION = YES;
				CLANG_WARN_OBJC_ROOT_CLASS = YES_ERROR;
				CLANG_WARN_QUOTED_INCLUDE_IN_FRAMEWORK_HEADER = YES;
				CLANG_WARN_RANGE_LOOP_ANALYSIS = YES;
				CLANG_WARN_STRICT_PROTOTYPES = YES;
				CLANG_WARN_SUSPICIOUS_MOVE = YES;
				CLANG_WARN_UNGUARDED_AVAILABILITY = YES_AGGRESSIVE;
				CLANG_WARN_UNREACHABLE_CODE = YES;
				CLANG_WARN__DUPLICATE_METHOD_MATCH = YES;
				COPY_PHASE_STRIP = NO;
				DEBUG_INFORMATION_FORMAT = dwarf;
				ENABLE_STRICT_OBJC_MSGSEND = YES;
				ENABLE_TESTABILITY = YES;
				GCC_C_LANGUAGE_STANDARD = gnu11;
				GCC_DYNAMIC_NO_PIC = NO;
				GCC_NO_COMMON_BLOCKS = YES;
				GCC_OPTIMIZATION_LEVEL = 0;
				GCC_PREPROCESSOR_DEFINITIONS = (
					"DEBUG=1",
					"$(inherited)",
				);
				GCC_WARN_64_TO_32_BIT_CONVERSION = YES;
				GCC_WARN_ABOUT_RETURN_TYPE = YES_ERROR;
				GCC_WARN_UNDECLARED_SELECTOR = YES;
				GCC_WARN_UNINITIALIZED_AUTOS = YES_AGGRESSIVE;
				GCC_WARN_UNUSED_FUNCTION = YES;
				GCC_WARN_UNUSED_VARIABLE = YES;
				IPHONEOS_DEPLOYMENT_TARGET = 15.2;
				MTL_ENABLE_DEBUG_INFO = INCLUDE_SOURCE;
				MTL_FAST_MATH = YES;
				ONLY_ACTIVE_ARCH = YES;
				SDKROOT = iphoneos;
				SWIFT_ACTIVE_COMPILATION_CONDITIONS = DEBUG;
				SWIFT_OPTIMIZATION_LEVEL = "-Onone";
			};
			name = Debug;
		};
		F39B9CF427CDFA4300319ABE /* Release */ = {
			isa = XCBuildConfiguration;
			buildSettings = {
				ALWAYS_SEARCH_USER_PATHS = NO;
				CLANG_ANALYZER_NONNULL = YES;
				CLANG_ANALYZER_NUMBER_OBJECT_CONVERSION = YES_AGGRESSIVE;
				CLANG_CXX_LANGUAGE_STANDARD = "gnu++17";
				CLANG_CXX_LIBRARY = "libc++";
				CLANG_ENABLE_MODULES = YES;
				CLANG_ENABLE_OBJC_ARC = YES;
				CLANG_ENABLE_OBJC_WEAK = YES;
				CLANG_WARN_BLOCK_CAPTURE_AUTORELEASING = YES;
				CLANG_WARN_BOOL_CONVERSION = YES;
				CLANG_WARN_COMMA = YES;
				CLANG_WARN_CONSTANT_CONVERSION = YES;
				CLANG_WARN_DEPRECATED_OBJC_IMPLEMENTATIONS = YES;
				CLANG_WARN_DIRECT_OBJC_ISA_USAGE = YES_ERROR;
				CLANG_WARN_DOCUMENTATION_COMMENTS = YES;
				CLANG_WARN_EMPTY_BODY = YES;
				CLANG_WARN_ENUM_CONVERSION = YES;
				CLANG_WARN_INFINITE_RECURSION = YES;
				CLANG_WARN_INT_CONVERSION = YES;
				CLANG_WARN_NON_LITERAL_NULL_CONVERSION = YES;
				CLANG_WARN_OBJC_IMPLICIT_RETAIN_SELF = YES;
				CLANG_WARN_OBJC_LITERAL_CONVERSION = YES;
				CLANG_WARN_OBJC_ROOT_CLASS = YES_ERROR;
				CLANG_WARN_QUOTED_INCLUDE_IN_FRAMEWORK_HEADER = YES;
				CLANG_WARN_RANGE_LOOP_ANALYSIS = YES;
				CLANG_WARN_STRICT_PROTOTYPES = YES;
				CLANG_WARN_SUSPICIOUS_MOVE = YES;
				CLANG_WARN_UNGUARDED_AVAILABILITY = YES_AGGRESSIVE;
				CLANG_WARN_UNREACHABLE_CODE = YES;
				CLANG_WARN__DUPLICATE_METHOD_MATCH = YES;
				COPY_PHASE_STRIP = NO;
				DEBUG_INFORMATION_FORMAT = "dwarf-with-dsym";
				ENABLE_NS_ASSERTIONS = NO;
				ENABLE_STRICT_OBJC_MSGSEND = YES;
				GCC_C_LANGUAGE_STANDARD = gnu11;
				GCC_NO_COMMON_BLOCKS = YES;
				GCC_WARN_64_TO_32_BIT_CONVERSION = YES;
				GCC_WARN_ABOUT_RETURN_TYPE = YES_ERROR;
				GCC_WARN_UNDECLARED_SELECTOR = YES;
				GCC_WARN_UNINITIALIZED_AUTOS = YES_AGGRESSIVE;
				GCC_WARN_UNUSED_FUNCTION = YES;
				GCC_WARN_UNUSED_VARIABLE = YES;
				IPHONEOS_DEPLOYMENT_TARGET = 15.2;
				MTL_ENABLE_DEBUG_INFO = NO;
				MTL_FAST_MATH = YES;
				SDKROOT = iphoneos;
				SWIFT_COMPILATION_MODE = wholemodule;
				SWIFT_OPTIMIZATION_LEVEL = "-O";
				VALIDATE_PRODUCT = YES;
			};
			name = Release;
		};
		F39B9CF627CDFA4300319ABE /* Debug */ = {
			isa = XCBuildConfiguration;
			buildSettings = {
				ASSETCATALOG_COMPILER_APPICON_NAME = AppIcon;
				ASSETCATALOG_COMPILER_GLOBAL_ACCENT_COLOR_NAME = AccentColor;
				CODE_SIGN_STYLE = Automatic;
				CURRENT_PROJECT_VERSION = 1;
				DEVELOPMENT_ASSET_PATHS = "\"AltafSwiftUiDemo/Preview Content\"";
				ENABLE_PREVIEWS = YES;
				GENERATE_INFOPLIST_FILE = YES;
				INFOPLIST_KEY_UIApplicationSceneManifest_Generation = YES;
				INFOPLIST_KEY_UIApplicationSupportsIndirectInputEvents = YES;
				INFOPLIST_KEY_UILaunchScreen_Generation = YES;
				INFOPLIST_KEY_UISupportedInterfaceOrientations_iPad = "UIInterfaceOrientationPortrait UIInterfaceOrientationPortraitUpsideDown UIInterfaceOrientationLandscapeLeft UIInterfaceOrientationLandscapeRight";
				INFOPLIST_KEY_UISupportedInterfaceOrientations_iPhone = "UIInterfaceOrientationPortrait UIInterfaceOrientationLandscapeLeft UIInterfaceOrientationLandscapeRight";
				LD_RUNPATH_SEARCH_PATHS = (
					"$(inherited)",
					"@executable_path/Frameworks",
				);
				MARKETING_VERSION = 1.0;
				PRODUCT_BUNDLE_IDENTIFIER = altaf.AltafSwiftUiDemo;
				PRODUCT_NAME = "$(TARGET_NAME)";
				SWIFT_EMIT_LOC_STRINGS = YES;
				SWIFT_VERSION = 5.0;
				TARGETED_DEVICE_FAMILY = "1,2";
			};
			name = Debug;
		};
		F39B9CF727CDFA4300319ABE /* Release */ = {
			isa = XCBuildConfiguration;
			buildSettings = {
				ASSETCATALOG_COMPILER_APPICON_NAME = AppIcon;
				ASSETCATALOG_COMPILER_GLOBAL_ACCENT_COLOR_NAME = AccentColor;
				CODE_SIGN_STYLE = Automatic;
				CURRENT_PROJECT_VERSION = 1;
				DEVELOPMENT_ASSET_PATHS = "\"AltafSwiftUiDemo/Preview Content\"";
				ENABLE_PREVIEWS = YES;
				GENERATE_INFOPLIST_FILE = YES;
				INFOPLIST_KEY_UIApplicationSceneManifest_Generation = YES;
				INFOPLIST_KEY_UIApplicationSupportsIndirectInputEvents = YES;
				INFOPLIST_KEY_UILaunchScreen_Generation = YES;
				INFOPLIST_KEY_UISupportedInterfaceOrientations_iPad = "UIInterfaceOrientationPortrait UIInterfaceOrientationPortraitUpsideDown UIInterfaceOrientationLandscapeLeft UIInterfaceOrientationLandscapeRight";
				INFOPLIST_KEY_UISupportedInterfaceOrientations_iPhone = "UIInterfaceOrientationPortrait UIInterfaceOrientationLandscapeLeft UIInterfaceOrientationLandscapeRight";
				LD_RUNPATH_SEARCH_PATHS = (
					"$(inherited)",
					"@executable_path/Frameworks",
				);
				MARKETING_VERSION = 1.0;
				PRODUCT_BUNDLE_IDENTIFIER = altaf.AltafSwiftUiDemo;
				PRODUCT_NAME = "$(TARGET_NAME)";
				SWIFT_EMIT_LOC_STRINGS = YES;
				SWIFT_VERSION = 5.0;
				TARGETED_DEVICE_FAMILY = "1,2";
			};
			name = Release;
		};
		F39B9CF927CDFA4300319ABE /* Debug */ = {
			isa = XCBuildConfiguration;
			buildSettings = {
				ALWAYS_EMBED_SWIFT_STANDARD_LIBRARIES = YES;
				BUNDLE_LOADER = "$(TEST_HOST)";
				CODE_SIGN_STYLE = Automatic;
				CURRENT_PROJECT_VERSION = 1;
				GENERATE_INFOPLIST_FILE = YES;
				IPHONEOS_DEPLOYMENT_TARGET = 15.2;
				MARKETING_VERSION = 1.0;
				PRODUCT_BUNDLE_IDENTIFIER = altaf.AltafSwiftUiDemoTests;
				PRODUCT_NAME = "$(TARGET_NAME)";
				SWIFT_EMIT_LOC_STRINGS = NO;
				SWIFT_VERSION = 5.0;
				TARGETED_DEVICE_FAMILY = "1,2";
				TEST_HOST = "$(BUILT_PRODUCTS_DIR)/AltafSwiftUiDemo.app/AltafSwiftUiDemo";
			};
			name = Debug;
		};
		F39B9CFA27CDFA4300319ABE /* Release */ = {
			isa = XCBuildConfiguration;
			buildSettings = {
				ALWAYS_EMBED_SWIFT_STANDARD_LIBRARIES = YES;
				BUNDLE_LOADER = "$(TEST_HOST)";
				CODE_SIGN_STYLE = Automatic;
				CURRENT_PROJECT_VERSION = 1;
				GENERATE_INFOPLIST_FILE = YES;
				IPHONEOS_DEPLOYMENT_TARGET = 15.2;
				MARKETING_VERSION = 1.0;
				PRODUCT_BUNDLE_IDENTIFIER = altaf.AltafSwiftUiDemoTests;
				PRODUCT_NAME = "$(TARGET_NAME)";
				SWIFT_EMIT_LOC_STRINGS = NO;
				SWIFT_VERSION = 5.0;
				TARGETED_DEVICE_FAMILY = "1,2";
				TEST_HOST = "$(BUILT_PRODUCTS_DIR)/AltafSwiftUiDemo.app/AltafSwiftUiDemo";
			};
			name = Release;
		};
		F39B9CFC27CDFA4300319ABE /* Debug */ = {
			isa = XCBuildConfiguration;
			buildSettings = {
				ALWAYS_EMBED_SWIFT_STANDARD_LIBRARIES = YES;
				CODE_SIGN_STYLE = Automatic;
				CURRENT_PROJECT_VERSION = 1;
				GENERATE_INFOPLIST_FILE = YES;
				MARKETING_VERSION = 1.0;
				PRODUCT_BUNDLE_IDENTIFIER = altaf.AltafSwiftUiDemoUITests;
				PRODUCT_NAME = "$(TARGET_NAME)";
				SWIFT_EMIT_LOC_STRINGS = NO;
				SWIFT_VERSION = 5.0;
				TARGETED_DEVICE_FAMILY = "1,2";
				TEST_TARGET_NAME = AltafSwiftUiDemo;
			};
			name = Debug;
		};
		F39B9CFD27CDFA4300319ABE /* Release */ = {
			isa = XCBuildConfiguration;
			buildSettings = {
				ALWAYS_EMBED_SWIFT_STANDARD_LIBRARIES = YES;
				CODE_SIGN_STYLE = Automatic;
				CURRENT_PROJECT_VERSION = 1;
				GENERATE_INFOPLIST_FILE = YES;
				MARKETING_VERSION = 1.0;
				PRODUCT_BUNDLE_IDENTIFIER = altaf.AltafSwiftUiDemoUITests;
				PRODUCT_NAME = "$(TARGET_NAME)";
				SWIFT_EMIT_LOC_STRINGS = NO;
				SWIFT_VERSION = 5.0;
				TARGETED_DEVICE_FAMILY = "1,2";
				TEST_TARGET_NAME = AltafSwiftUiDemo;
			};
			name = Release;
		};
/* End XCBuildConfiguration section */

/* Begin XCConfigurationList section */
		F39B9CCC27CDFA4200319ABE /* Build configuration list for PBXProject "AltafSwiftUiDemo" */ = {
			isa = XCConfigurationList;
			buildConfigurations = (
				F39B9CF327CDFA4300319ABE /* Debug */,
				F39B9CF427CDFA4300319ABE /* Release */,
			);
			defaultConfigurationIsVisible = 0;
			defaultConfigurationName = Release;
		};
		F39B9CF527CDFA4300319ABE /* Build configuration list for PBXNativeTarget "AltafSwiftUiDemo" */ = {
			isa = XCConfigurationList;
			buildConfigurations = (
				F39B9CF627CDFA4300319ABE /* Debug */,
				F39B9CF727CDFA4300319ABE /* Release */,
			);
			defaultConfigurationIsVisible = 0;
			defaultConfigurationName = Release;
		};
		F39B9CF827CDFA4300319ABE /* Build configuration list for PBXNativeTarget "AltafSwiftUiDemoTests" */ = {
			isa = XCConfigurationList;
			buildConfigurations = (
				F39B9CF927CDFA4300319ABE /* Debug */,
				F39B9CFA27CDFA4300319ABE /* Release */,
			);
			defaultConfigurationIsVisible = 0;
			defaultConfigurationName = Release;
		};
		F39B9CFB27CDFA4300319ABE /* Build configuration list for PBXNativeTarget "AltafSwiftUiDemoUITests" */ = {
			isa = XCConfigurationList;
			buildConfigurations = (
				F39B9CFC27CDFA4300319ABE /* Debug */,
				F39B9CFD27CDFA4300319ABE /* Release */,
			);
			defaultConfigurationIsVisible = 0;
			defaultConfigurationName = Release;
		};
/* End XCConfigurationList section */
	};
	rootObject = F39B9CC927CDFA4200319ABE /* Project object */;
}
